// !$*UTF8*$!
{
	archiveVersion = 1;
	classes = {
	};
	objectVersion = 56;
	objects = {

/* Begin PBXBuildFile section */
		030AFBB32C525B6000D5A1AE /* NetworkManager.swift in Sources */ = {isa = PBXBuildFile; fileRef = 030AFBB22C525B6000D5A1AE /* NetworkManager.swift */; };
		035631242BDD033F0078ABD6 /* AppDelegate.swift in Sources */ = {isa = PBXBuildFile; fileRef = 035631232BDD033F0078ABD6 /* AppDelegate.swift */; };
		035631262BDD033F0078ABD6 /* SceneDelegate.swift in Sources */ = {isa = PBXBuildFile; fileRef = 035631252BDD033F0078ABD6 /* SceneDelegate.swift */; };
		0356312D2BDD03410078ABD6 /* Assets.xcassets in Resources */ = {isa = PBXBuildFile; fileRef = 0356312C2BDD03410078ABD6 /* Assets.xcassets */; };
		035631302BDD03410078ABD6 /* Base in Resources */ = {isa = PBXBuildFile; fileRef = 0356312F2BDD03410078ABD6 /* Base */; };
		035A92552BEF77AE00F832AD /* GFTitleLabel.swift in Sources */ = {isa = PBXBuildFile; fileRef = 035A92542BEF77AE00F832AD /* GFTitleLabel.swift */; };
		035A92572BEF78F400F832AD /* GFBodyLabel.swift in Sources */ = {isa = PBXBuildFile; fileRef = 035A92562BEF78F400F832AD /* GFBodyLabel.swift */; };
		035A92592BEF79B200F832AD /* GFAlertVC.swift in Sources */ = {isa = PBXBuildFile; fileRef = 035A92582BEF79B200F832AD /* GFAlertVC.swift */; };
		035A925B2BEF7ED800F832AD /* UIViewController+Ext.swift in Sources */ = {isa = PBXBuildFile; fileRef = 035A925A2BEF7ED800F832AD /* UIViewController+Ext.swift */; };
		0368AF4F2BE7A3C700D3A313 /* FollowerListVC.swift in Sources */ = {isa = PBXBuildFile; fileRef = 0368AF4E2BE7A3C700D3A313 /* FollowerListVC.swift */; };
		036BE9302BF9E92F00A73D92 /* Follower.swift in Sources */ = {isa = PBXBuildFile; fileRef = 036BE92F2BF9E92F00A73D92 /* Follower.swift */; };
		036BE9322BF9E9EE00A73D92 /* User.swift in Sources */ = {isa = PBXBuildFile; fileRef = 036BE9312BF9E9EE00A73D92 /* User.swift */; };
		038EF2942C5651450031F0AF /* ErrorMessage.swift in Sources */ = {isa = PBXBuildFile; fileRef = 038EF2932C5651450031F0AF /* ErrorMessage.swift */; };
		03AA0E822C5A21660056597F /* FollowerCell.swift in Sources */ = {isa = PBXBuildFile; fileRef = 03AA0E812C5A21660056597F /* FollowerCell.swift */; };
		03AA0E842C5A21DC0056597F /* GFAvatarImageView.swift in Sources */ = {isa = PBXBuildFile; fileRef = 03AA0E832C5A21DC0056597F /* GFAvatarImageView.swift */; };
		03AA44392BE2507700B48E44 /* SearchVC.swift in Sources */ = {isa = PBXBuildFile; fileRef = 03AA44382BE2507700B48E44 /* SearchVC.swift */; };
		03AA443B2BE250A900B48E44 /* FavoritesListVC.swift in Sources */ = {isa = PBXBuildFile; fileRef = 03AA443A2BE250A900B48E44 /* FavoritesListVC.swift */; };
		03AA443D2BE254B700B48E44 /* GFButton.swift in Sources */ = {isa = PBXBuildFile; fileRef = 03AA443C2BE254B700B48E44 /* GFButton.swift */; };
		03AA443F2BE2578400B48E44 /* GFTextField.swift in Sources */ = {isa = PBXBuildFile; fileRef = 03AA443E2BE2578400B48E44 /* GFTextField.swift */; };
/* End PBXBuildFile section */

/* Begin PBXFileReference section */
		030AFBB22C525B6000D5A1AE /* NetworkManager.swift */ = {isa = PBXFileReference; lastKnownFileType = sourcecode.swift; path = NetworkManager.swift; sourceTree = "<group>"; };
		035631202BDD033F0078ABD6 /* GithubFollowers.app */ = {isa = PBXFileReference; explicitFileType = wrapper.application; includeInIndex = 0; path = GithubFollowers.app; sourceTree = BUILT_PRODUCTS_DIR; };
		035631232BDD033F0078ABD6 /* AppDelegate.swift */ = {isa = PBXFileReference; lastKnownFileType = sourcecode.swift; path = AppDelegate.swift; sourceTree = "<group>"; };
		035631252BDD033F0078ABD6 /* SceneDelegate.swift */ = {isa = PBXFileReference; lastKnownFileType = sourcecode.swift; path = SceneDelegate.swift; sourceTree = "<group>"; };
		0356312C2BDD03410078ABD6 /* Assets.xcassets */ = {isa = PBXFileReference; lastKnownFileType = folder.assetcatalog; path = Assets.xcassets; sourceTree = "<group>"; };
		0356312F2BDD03410078ABD6 /* Base */ = {isa = PBXFileReference; lastKnownFileType = file.storyboard; name = Base; path = Base.lproj/LaunchScreen.storyboard; sourceTree = "<group>"; };
		035631312BDD03410078ABD6 /* Info.plist */ = {isa = PBXFileReference; lastKnownFileType = text.plist.xml; path = Info.plist; sourceTree = "<group>"; };
		035A92542BEF77AE00F832AD /* GFTitleLabel.swift */ = {isa = PBXFileReference; lastKnownFileType = sourcecode.swift; path = GFTitleLabel.swift; sourceTree = "<group>"; };
		035A92562BEF78F400F832AD /* GFBodyLabel.swift */ = {isa = PBXFileReference; lastKnownFileType = sourcecode.swift; path = GFBodyLabel.swift; sourceTree = "<group>"; };
		035A92582BEF79B200F832AD /* GFAlertVC.swift */ = {isa = PBXFileReference; lastKnownFileType = sourcecode.swift; path = GFAlertVC.swift; sourceTree = "<group>"; };
		035A925A2BEF7ED800F832AD /* UIViewController+Ext.swift */ = {isa = PBXFileReference; lastKnownFileType = sourcecode.swift; path = "UIViewController+Ext.swift"; sourceTree = "<group>"; };
		0368AF4E2BE7A3C700D3A313 /* FollowerListVC.swift */ = {isa = PBXFileReference; lastKnownFileType = sourcecode.swift; path = FollowerListVC.swift; sourceTree = "<group>"; };
		036BE92F2BF9E92F00A73D92 /* Follower.swift */ = {isa = PBXFileReference; lastKnownFileType = sourcecode.swift; path = Follower.swift; sourceTree = "<group>"; };
		036BE9312BF9E9EE00A73D92 /* User.swift */ = {isa = PBXFileReference; lastKnownFileType = sourcecode.swift; path = User.swift; sourceTree = "<group>"; };
		038EF2932C5651450031F0AF /* ErrorMessage.swift */ = {isa = PBXFileReference; lastKnownFileType = sourcecode.swift; path = ErrorMessage.swift; sourceTree = "<group>"; };
		03AA0E812C5A21660056597F /* FollowerCell.swift */ = {isa = PBXFileReference; lastKnownFileType = sourcecode.swift; path = FollowerCell.swift; sourceTree = "<group>"; };
		03AA0E832C5A21DC0056597F /* GFAvatarImageView.swift */ = {isa = PBXFileReference; lastKnownFileType = sourcecode.swift; path = GFAvatarImageView.swift; sourceTree = "<group>"; };
		03AA44382BE2507700B48E44 /* SearchVC.swift */ = {isa = PBXFileReference; lastKnownFileType = sourcecode.swift; path = SearchVC.swift; sourceTree = "<group>"; };
		03AA443A2BE250A900B48E44 /* FavoritesListVC.swift */ = {isa = PBXFileReference; lastKnownFileType = sourcecode.swift; path = FavoritesListVC.swift; sourceTree = "<group>"; };
		03AA443C2BE254B700B48E44 /* GFButton.swift */ = {isa = PBXFileReference; lastKnownFileType = sourcecode.swift; path = GFButton.swift; sourceTree = "<group>"; };
		03AA443E2BE2578400B48E44 /* GFTextField.swift */ = {isa = PBXFileReference; lastKnownFileType = sourcecode.swift; path = GFTextField.swift; sourceTree = "<group>"; };
/* End PBXFileReference section */

/* Begin PBXFrameworksBuildPhase section */
		0356311D2BDD033F0078ABD6 /* Frameworks */ = {
			isa = PBXFrameworksBuildPhase;
			buildActionMask = 2147483647;
			files = (
			);
			runOnlyForDeploymentPostprocessing = 0;
		};
/* End PBXFrameworksBuildPhase section */

/* Begin PBXGroup section */
		030AFBB12C525B4E00D5A1AE /* Managers */ = {
			isa = PBXGroup;
			children = (
				030AFBB22C525B6000D5A1AE /* NetworkManager.swift */,
			);
			path = Managers;
			sourceTree = "<group>";
		};
		035631172BDD033F0078ABD6 = {
			isa = PBXGroup;
			children = (
				035631222BDD033F0078ABD6 /* GithubFollowers */,
				035631212BDD033F0078ABD6 /* Products */,
			);
			sourceTree = "<group>";
		};
		035631212BDD033F0078ABD6 /* Products */ = {
			isa = PBXGroup;
			children = (
				035631202BDD033F0078ABD6 /* GithubFollowers.app */,
			);
			name = Products;
			sourceTree = "<group>";
		};
		035631222BDD033F0078ABD6 /* GithubFollowers */ = {
			isa = PBXGroup;
			children = (
				038EF2922C5651340031F0AF /* Utilities */,
				030AFBB12C525B4E00D5A1AE /* Managers */,
				035631312BDD03410078ABD6 /* Info.plist */,
				036BE92E2BF9E92400A73D92 /* Model */,
				039EA9D12BF8BBA800EB498C /* Support */,
				039EA9D02BF8BB4800EB498C /* Extension */,
				039EA9CF2BF8BB1200EB498C /* CustomViews */,
				039EA9CE2BF8BAE400EB498C /* Screens */,
			);
			path = GithubFollowers;
			sourceTree = "<group>";
		};
		036BE92E2BF9E92400A73D92 /* Model */ = {
			isa = PBXGroup;
			children = (
				036BE92F2BF9E92F00A73D92 /* Follower.swift */,
				036BE9312BF9E9EE00A73D92 /* User.swift */,
			);
			path = Model;
			sourceTree = "<group>";
		};
		038EF2922C5651340031F0AF /* Utilities */ = {
			isa = PBXGroup;
			children = (
				038EF2932C5651450031F0AF /* ErrorMessage.swift */,
			);
			path = Utilities;
			sourceTree = "<group>";
		};
		039EA9CE2BF8BAE400EB498C /* Screens */ = {
			isa = PBXGroup;
			children = (
				0368AF4E2BE7A3C700D3A313 /* FollowerListVC.swift */,
				03AA443A2BE250A900B48E44 /* FavoritesListVC.swift */,
				03AA44382BE2507700B48E44 /* SearchVC.swift */,
			);
			path = Screens;
			sourceTree = "<group>";
		};
		039EA9CF2BF8BB1200EB498C /* CustomViews */ = {
			isa = PBXGroup;
			children = (
				03AA0E7F2C5A21270056597F /* Cells */,
				035A92582BEF79B200F832AD /* GFAlertVC.swift */,
				03AA443C2BE254B700B48E44 /* GFButton.swift */,
				035A92562BEF78F400F832AD /* GFBodyLabel.swift */,
				03AA443E2BE2578400B48E44 /* GFTextField.swift */,
				035A92542BEF77AE00F832AD /* GFTitleLabel.swift */,
				03AA0E832C5A21DC0056597F /* GFAvatarImageView.swift */,
			);
			path = CustomViews;
			sourceTree = "<group>";
		};
		039EA9D02BF8BB4800EB498C /* Extension */ = {
			isa = PBXGroup;
			children = (
				035A925A2BEF7ED800F832AD /* UIViewController+Ext.swift */,
			);
			path = Extension;
			sourceTree = "<group>";
		};
		039EA9D12BF8BBA800EB498C /* Support */ = {
			isa = PBXGroup;
			children = (
				035631232BDD033F0078ABD6 /* AppDelegate.swift */,
				035631252BDD033F0078ABD6 /* SceneDelegate.swift */,
				0356312C2BDD03410078ABD6 /* Assets.xcassets */,
				0356312E2BDD03410078ABD6 /* LaunchScreen.storyboard */,
			);
			path = Support;
			sourceTree = "<group>";
		};
		03AA0E7F2C5A21270056597F /* Cells */ = {
			isa = PBXGroup;
			children = (
				03AA0E812C5A21660056597F /* FollowerCell.swift */,
			);
			path = Cells;
			sourceTree = "<group>";
		};
/* End PBXGroup section */

/* Begin PBXNativeTarget section */
		0356311F2BDD033F0078ABD6 /* GithubFollowers */ = {
			isa = PBXNativeTarget;
			buildConfigurationList = 035631342BDD03410078ABD6 /* Build configuration list for PBXNativeTarget "GithubFollowers" */;
			buildPhases = (
				0356311C2BDD033F0078ABD6 /* Sources */,
				0356311D2BDD033F0078ABD6 /* Frameworks */,
				0356311E2BDD033F0078ABD6 /* Resources */,
			);
			buildRules = (
			);
			dependencies = (
			);
			name = GithubFollowers;
			productName = GithubFollowers;
			productReference = 035631202BDD033F0078ABD6 /* GithubFollowers.app */;
			productType = "com.apple.product-type.application";
		};
/* End PBXNativeTarget section */

/* Begin PBXProject section */
		035631182BDD033F0078ABD6 /* Project object */ = {
			isa = PBXProject;
			attributes = {
				BuildIndependentTargetsInParallel = 1;
				LastSwiftUpdateCheck = 1530;
				LastUpgradeCheck = 1530;
				TargetAttributes = {
					0356311F2BDD033F0078ABD6 = {
						CreatedOnToolsVersion = 15.3;
					};
				};
			};
			buildConfigurationList = 0356311B2BDD033F0078ABD6 /* Build configuration list for PBXProject "GithubFollowers" */;
			compatibilityVersion = "Xcode 14.0";
			developmentRegion = en;
			hasScannedForEncodings = 0;
			knownRegions = (
				en,
				Base,
			);
			mainGroup = 035631172BDD033F0078ABD6;
			productRefGroup = 035631212BDD033F0078ABD6 /* Products */;
			projectDirPath = "";
			projectRoot = "";
			targets = (
				0356311F2BDD033F0078ABD6 /* GithubFollowers */,
			);
		};
/* End PBXProject section */

/* Begin PBXResourcesBuildPhase section */
		0356311E2BDD033F0078ABD6 /* Resources */ = {
			isa = PBXResourcesBuildPhase;
			buildActionMask = 2147483647;
			files = (
				0356312D2BDD03410078ABD6 /* Assets.xcassets in Resources */,
				035631302BDD03410078ABD6 /* Base in Resources */,
			);
			runOnlyForDeploymentPostprocessing = 0;
		};
/* End PBXResourcesBuildPhase section */

/* Begin PBXSourcesBuildPhase section */
		0356311C2BDD033F0078ABD6 /* Sources */ = {
			isa = PBXSourcesBuildPhase;
			buildActionMask = 2147483647;
			files = (
				036BE9322BF9E9EE00A73D92 /* User.swift in Sources */,
				03AA443F2BE2578400B48E44 /* GFTextField.swift in Sources */,
				03AA443B2BE250A900B48E44 /* FavoritesListVC.swift in Sources */,
				03AA443D2BE254B700B48E44 /* GFButton.swift in Sources */,
				035A925B2BEF7ED800F832AD /* UIViewController+Ext.swift in Sources */,
				03AA0E842C5A21DC0056597F /* GFAvatarImageView.swift in Sources */,
				03AA44392BE2507700B48E44 /* SearchVC.swift in Sources */,
				035A92592BEF79B200F832AD /* GFAlertVC.swift in Sources */,
				03AA0E822C5A21660056597F /* FollowerCell.swift in Sources */,
				038EF2942C5651450031F0AF /* ErrorMessage.swift in Sources */,
				035A92572BEF78F400F832AD /* GFBodyLabel.swift in Sources */,
				036BE9302BF9E92F00A73D92 /* Follower.swift in Sources */,
				035A92552BEF77AE00F832AD /* GFTitleLabel.swift in Sources */,
				030AFBB32C525B6000D5A1AE /* NetworkManager.swift in Sources */,
				0368AF4F2BE7A3C700D3A313 /* FollowerListVC.swift in Sources */,
				035631242BDD033F0078ABD6 /* AppDelegate.swift in Sources */,
				035631262BDD033F0078ABD6 /* SceneDelegate.swift in Sources */,
			);
			runOnlyForDeploymentPostprocessing = 0;
		};
/* End PBXSourcesBuildPhase section */

/* Begin PBXVariantGroup section */
		0356312E2BDD03410078ABD6 /* LaunchScreen.storyboard */ = {
			isa = PBXVariantGroup;
			children = (
				0356312F2BDD03410078ABD6 /* Base */,
			);
			name = LaunchScreen.storyboard;
			sourceTree = "<group>";
		};
/* End PBXVariantGroup section */

/* Begin XCBuildConfiguration section */
		035631322BDD03410078ABD6 /* Debug */ = {
			isa = XCBuildConfiguration;
			buildSettings = {
				ALWAYS_SEARCH_USER_PATHS = NO;
				ASSETCATALOG_COMPILER_GENERATE_SWIFT_ASSET_SYMBOL_EXTENSIONS = YES;
				CLANG_ANALYZER_NONNULL = YES;
				CLANG_ANALYZER_NUMBER_OBJECT_CONVERSION = YES_AGGRESSIVE;
				CLANG_CXX_LANGUAGE_STANDARD = "gnu++20";
				CLANG_ENABLE_MODULES = YES;
				CLANG_ENABLE_OBJC_ARC = YES;
				CLANG_ENABLE_OBJC_WEAK = YES;
				CLANG_WARN_BLOCK_CAPTURE_AUTORELEASING = YES;
				CLANG_WARN_BOOL_CONVERSION = YES;
				CLANG_WARN_COMMA = YES;
				CLANG_WARN_CONSTANT_CONVERSION = YES;
				CLANG_WARN_DEPRECATED_OBJC_IMPLEMENTATIONS = YES;
				CLANG_WARN_DIRECT_OBJC_ISA_USAGE = YES_ERROR;
				CLANG_WARN_DOCUMENTATION_COMMENTS = YES;
				CLANG_WARN_EMPTY_BODY = YES;
				CLANG_WARN_ENUM_CONVERSION = YES;
				CLANG_WARN_INFINITE_RECURSION = YES;
				CLANG_WARN_INT_CONVERSION = YES;
				CLANG_WARN_NON_LITERAL_NULL_CONVERSION = YES;
				CLANG_WARN_OBJC_IMPLICIT_RETAIN_SELF = YES;
				CLANG_WARN_OBJC_LITERAL_CONVERSION = YES;
				CLANG_WARN_OBJC_ROOT_CLASS = YES_ERROR;
				CLANG_WARN_QUOTED_INCLUDE_IN_FRAMEWORK_HEADER = YES;
				CLANG_WARN_RANGE_LOOP_ANALYSIS = YES;
				CLANG_WARN_STRICT_PROTOTYPES = YES;
				CLANG_WARN_SUSPICIOUS_MOVE = YES;
				CLANG_WARN_UNGUARDED_AVAILABILITY = YES_AGGRESSIVE;
				CLANG_WARN_UNREACHABLE_CODE = YES;
				CLANG_WARN__DUPLICATE_METHOD_MATCH = YES;
				COPY_PHASE_STRIP = NO;
				DEBUG_INFORMATION_FORMAT = dwarf;
				ENABLE_STRICT_OBJC_MSGSEND = YES;
				ENABLE_TESTABILITY = YES;
				ENABLE_USER_SCRIPT_SANDBOXING = YES;
				GCC_C_LANGUAGE_STANDARD = gnu17;
				GCC_DYNAMIC_NO_PIC = NO;
				GCC_NO_COMMON_BLOCKS = YES;
				GCC_OPTIMIZATION_LEVEL = 0;
				GCC_PREPROCESSOR_DEFINITIONS = (
					"DEBUG=1",
					"$(inherited)",
				);
				GCC_WARN_64_TO_32_BIT_CONVERSION = YES;
				GCC_WARN_ABOUT_RETURN_TYPE = YES_ERROR;
				GCC_WARN_UNDECLARED_SELECTOR = YES;
				GCC_WARN_UNINITIALIZED_AUTOS = YES_AGGRESSIVE;
				GCC_WARN_UNUSED_FUNCTION = YES;
				GCC_WARN_UNUSED_VARIABLE = YES;
				IPHONEOS_DEPLOYMENT_TARGET = 17.4;
				LOCALIZATION_PREFERS_STRING_CATALOGS = YES;
				MTL_ENABLE_DEBUG_INFO = INCLUDE_SOURCE;
				MTL_FAST_MATH = YES;
				ONLY_ACTIVE_ARCH = YES;
				SDKROOT = iphoneos;
				SWIFT_ACTIVE_COMPILATION_CONDITIONS = "DEBUG $(inherited)";
				SWIFT_OPTIMIZATION_LEVEL = "-Onone";
			};
			name = Debug;
		};
		035631332BDD03410078ABD6 /* Release */ = {
			isa = XCBuildConfiguration;
			buildSettings = {
				ALWAYS_SEARCH_USER_PATHS = NO;
				ASSETCATALOG_COMPILER_GENERATE_SWIFT_ASSET_SYMBOL_EXTENSIONS = YES;
				CLANG_ANALYZER_NONNULL = YES;
				CLANG_ANALYZER_NUMBER_OBJECT_CONVERSION = YES_AGGRESSIVE;
				CLANG_CXX_LANGUAGE_STANDARD = "gnu++20";
				CLANG_ENABLE_MODULES = YES;
				CLANG_ENABLE_OBJC_ARC = YES;
				CLANG_ENABLE_OBJC_WEAK = YES;
				CLANG_WARN_BLOCK_CAPTURE_AUTORELEASING = YES;
				CLANG_WARN_BOOL_CONVERSION = YES;
				CLANG_WARN_COMMA = YES;
				CLANG_WARN_CONSTANT_CONVERSION = YES;
				CLANG_WARN_DEPRECATED_OBJC_IMPLEMENTATIONS = YES;
				CLANG_WARN_DIRECT_OBJC_ISA_USAGE = YES_ERROR;
				CLANG_WARN_DOCUMENTATION_COMMENTS = YES;
				CLANG_WARN_EMPTY_BODY = YES;
				CLANG_WARN_ENUM_CONVERSION = YES;
				CLANG_WARN_INFINITE_RECURSION = YES;
				CLANG_WARN_INT_CONVERSION = YES;
				CLANG_WARN_NON_LITERAL_NULL_CONVERSION = YES;
				CLANG_WARN_OBJC_IMPLICIT_RETAIN_SELF = YES;
				CLANG_WARN_OBJC_LITERAL_CONVERSION = YES;
				CLANG_WARN_OBJC_ROOT_CLASS = YES_ERROR;
				CLANG_WARN_QUOTED_INCLUDE_IN_FRAMEWORK_HEADER = YES;
				CLANG_WARN_RANGE_LOOP_ANALYSIS = YES;
				CLANG_WARN_STRICT_PROTOTYPES = YES;
				CLANG_WARN_SUSPICIOUS_MOVE = YES;
				CLANG_WARN_UNGUARDED_AVAILABILITY = YES_AGGRESSIVE;
				CLANG_WARN_UNREACHABLE_CODE = YES;
				CLANG_WARN__DUPLICATE_METHOD_MATCH = YES;
				COPY_PHASE_STRIP = NO;
				DEBUG_INFORMATION_FORMAT = "dwarf-with-dsym";
				ENABLE_NS_ASSERTIONS = NO;
				ENABLE_STRICT_OBJC_MSGSEND = YES;
				ENABLE_USER_SCRIPT_SANDBOXING = YES;
				GCC_C_LANGUAGE_STANDARD = gnu17;
				GCC_NO_COMMON_BLOCKS = YES;
				GCC_WARN_64_TO_32_BIT_CONVERSION = YES;
				GCC_WARN_ABOUT_RETURN_TYPE = YES_ERROR;
				GCC_WARN_UNDECLARED_SELECTOR = YES;
				GCC_WARN_UNINITIALIZED_AUTOS = YES_AGGRESSIVE;
				GCC_WARN_UNUSED_FUNCTION = YES;
				GCC_WARN_UNUSED_VARIABLE = YES;
				IPHONEOS_DEPLOYMENT_TARGET = 17.4;
				LOCALIZATION_PREFERS_STRING_CATALOGS = YES;
				MTL_ENABLE_DEBUG_INFO = NO;
				MTL_FAST_MATH = YES;
				SDKROOT = iphoneos;
				SWIFT_COMPILATION_MODE = wholemodule;
				VALIDATE_PRODUCT = YES;
			};
			name = Release;
		};
		035631352BDD03410078ABD6 /* Debug */ = {
			isa = XCBuildConfiguration;
			buildSettings = {
				ASSETCATALOG_COMPILER_APPICON_NAME = AppIcon;
				ASSETCATALOG_COMPILER_GLOBAL_ACCENT_COLOR_NAME = AccentColor;
				CODE_SIGN_STYLE = Automatic;
				CURRENT_PROJECT_VERSION = 1;
				DEVELOPMENT_TEAM = 5PUXU9ZVCG;
				GENERATE_INFOPLIST_FILE = YES;
				INFOPLIST_FILE = GithubFollowers/Info.plist;
				INFOPLIST_KEY_UIApplicationSupportsIndirectInputEvents = YES;
				INFOPLIST_KEY_UILaunchStoryboardName = LaunchScreen;
				INFOPLIST_KEY_UISupportedInterfaceOrientations = UIInterfaceOrientationPortrait;
				LD_RUNPATH_SEARCH_PATHS = (
					"$(inherited)",
					"@executable_path/Frameworks",
				);
				MARKETING_VERSION = 1.0;
				PRODUCT_BUNDLE_IDENTIFIER = com.Soumik.GithubFollowers;
				PRODUCT_NAME = "$(TARGET_NAME)";
				SUPPORTED_PLATFORMS = "iphoneos iphonesimulator";
				SUPPORTS_MACCATALYST = NO;
				SUPPORTS_MAC_DESIGNED_FOR_IPHONE_IPAD = NO;
				SUPPORTS_XR_DESIGNED_FOR_IPHONE_IPAD = NO;
				SWIFT_EMIT_LOC_STRINGS = YES;
				SWIFT_VERSION = 5.0;
				TARGETED_DEVICE_FAMILY = 1;
			};
			name = Debug;
		};
		035631362BDD03410078ABD6 /* Release */ = {
			isa = XCBuildConfiguration;
			buildSettings = {
				ASSETCATALOG_COMPILER_APPICON_NAME = AppIcon;
				ASSETCATALOG_COMPILER_GLOBAL_ACCENT_COLOR_NAME = AccentColor;
				CODE_SIGN_STYLE = Automatic;
				CURRENT_PROJECT_VERSION = 1;
				DEVELOPMENT_TEAM = 5PUXU9ZVCG;
				GENERATE_INFOPLIST_FILE = YES;
				INFOPLIST_FILE = GithubFollowers/Info.plist;
				INFOPLIST_KEY_UIApplicationSupportsIndirectInputEvents = YES;
				INFOPLIST_KEY_UILaunchStoryboardName = LaunchScreen;
				INFOPLIST_KEY_UISupportedInterfaceOrientations = UIInterfaceOrientationPortrait;
				LD_RUNPATH_SEARCH_PATHS = (
					"$(inherited)",
					"@executable_path/Frameworks",
				);
				MARKETING_VERSION = 1.0;
				PRODUCT_BUNDLE_IDENTIFIER = com.Soumik.GithubFollowers;
				PRODUCT_NAME = "$(TARGET_NAME)";
				SUPPORTED_PLATFORMS = "iphoneos iphonesimulator";
				SUPPORTS_MACCATALYST = NO;
				SUPPORTS_MAC_DESIGNED_FOR_IPHONE_IPAD = NO;
				SUPPORTS_XR_DESIGNED_FOR_IPHONE_IPAD = NO;
				SWIFT_EMIT_LOC_STRINGS = YES;
				SWIFT_VERSION = 5.0;
				TARGETED_DEVICE_FAMILY = 1;
			};
			name = Release;
		};
/* End XCBuildConfiguration section */

/* Begin XCConfigurationList section */
		0356311B2BDD033F0078ABD6 /* Build configuration list for PBXProject "GithubFollowers" */ = {
			isa = XCConfigurationList;
			buildConfigurations = (
				035631322BDD03410078ABD6 /* Debug */,
				035631332BDD03410078ABD6 /* Release */,
			);
			defaultConfigurationIsVisible = 0;
			defaultConfigurationName = Release;
		};
		035631342BDD03410078ABD6 /* Build configuration list for PBXNativeTarget "GithubFollowers" */ = {
			isa = XCConfigurationList;
			buildConfigurations = (
				035631352BDD03410078ABD6 /* Debug */,
				035631362BDD03410078ABD6 /* Release */,
			);
			defaultConfigurationIsVisible = 0;
			defaultConfigurationName = Release;
		};
/* End XCConfigurationList section */
	};
	rootObject = 035631182BDD033F0078ABD6 /* Project object */;
}
